
Microsoft Visual Studio Solution File, Format Version 12.00
# Visual Studio Version 17
VisualStudioVersion = 17.10.34902.84
MinimumVisualStudioVersion = 10.0.40219.1
Project("{FAE04EC0-301F-11D3-BF4B-00C04F79EFBC}") = "SistemaDeTarefas", "SistemaDeTarefas.csproj", "{F9717D04-4D59-476F-8B56-7254512C53D7}"
EndProject
Global
	GlobalSection(SolutionConfigurationPlatforms) = preSolution
		Debug|Any CPU = Debug|Any CPU
		Release|Any CPU = Release|Any CPU
	EndGlobalSection
	GlobalSection(ProjectConfigurationPlatforms) = postSolution
		{F9717D04-4D59-476F-8B56-7254512C53D7}.Debug|Any CPU.ActiveCfg = Debug|Any CPU
		{F9717D04-4D59-476F-8B56-7254512C53D7}.Debug|Any CPU.Build.0 = Debug|Any CPU
		{F9717D04-4D59-476F-8B56-7254512C53D7}.Release|Any CPU.ActiveCfg = Release|Any CPU
		{F9717D04-4D59-476F-8B56-7254512C53D7}.Release|Any CPU.Build.0 = Release|Any CPU
	EndGlobalSection
	GlobalSection(SolutionProperties) = preSolution
		HideSolutionNode = FALSE
	EndGlobalSection
	GlobalSection(ExtensibilityGlobals) = postSolution
		SolutionGuid = {CD7BAEB8-0EE6-48BE-9462-AD0E4AFDF1D3}
	EndGlobalSection
EndGlobal
